
Microsoft Visual Studio Solution File, Format Version 12.00
# Visual Studio 15
Project("{FAE04EC0-301F-11D3-BF4B-00C04F79EFBC}") = "UnityEngine.UI", "UnityEngine.UI.csproj", "{9010658C-679A-1FB9-F837-25B56D160770}"
EndProject
Project("{FAE04EC0-301F-11D3-BF4B-00C04F79EFBC}") = "UnityEngine.TestRunner", "UnityEngine.TestRunner.csproj", "{B1887B2A-9E4A-40C7-ED1C-D7748538E8E9}"
EndProject
Project("{FAE04EC0-301F-11D3-BF4B-00C04F79EFBC}") = "Unity.RenderPipelines.HighDefinition.Runtime", "Unity.RenderPipelines.HighDefinition.Runtime.csproj", "{A0E315DD-74D7-E4C1-BB37-11EF3C5D0BB7}"
EndProject
Project("{FAE04EC0-301F-11D3-BF4B-00C04F79EFBC}") = "Assembly-CSharp", "Assembly-CSharp.csproj", "{9F68CF24-52EC-681D-E67C-04045CC581A4}"
EndProject
Project("{FAE04EC0-301F-11D3-BF4B-00C04F79EFBC}") = "Unity.TextMeshPro", "Unity.TextMeshPro.csproj", "{C0A3EC03-5904-CC1B-0C20-F3734875ACD3}"
EndProject
Project("{FAE04EC0-301F-11D3-BF4B-00C04F79EFBC}") = "Unity.Timeline", "Unity.Timeline.csproj", "{472CE523-90A9-CCB9-EA89-04D4B313530B}"
EndProject
Project("{FAE04EC0-301F-11D3-BF4B-00C04F79EFBC}") = "Assembly-CSharp-firstpass", "Assembly-CSharp-firstpass.csproj", "{A1A7C43E-21EA-8491-026E-BF86E7CF3689}"
EndProject
Project("{FAE04EC0-301F-11D3-BF4B-00C04F79EFBC}") = "Unity.RenderPipelines.Core.Runtime", "Unity.RenderPipelines.Core.Runtime.csproj", "{32E46A80-95D9-591F-CAB8-559AFCA3F08D}"
EndProject
Project("{FAE04EC0-301F-11D3-BF4B-00C04F79EFBC}") = "Unity.VisualEffectGraph.Runtime", "Unity.VisualEffectGraph.Runtime.csproj", "{52BC665F-09E8-5DAF-E70A-46E808A9186F}"
EndProject
Project("{FAE04EC0-301F-11D3-BF4B-00C04F79EFBC}") = "Unity.RenderPipelines.HighDefinition.Config.Runtime", "Unity.RenderPipelines.HighDefinition.Config.Runtime.csproj", "{D4974CE9-4B68-7E7A-B0D7-40F9BC9A575B}"
EndProject
Project("{FAE04EC0-301F-11D3-BF4B-00C04F79EFBC}") = "Unity.RenderPipelines.ShaderGraph.ShaderGraphLibrary", "Unity.RenderPipelines.ShaderGraph.ShaderGraphLibrary.csproj", "{B57702D1-6EAE-1679-590E-9D9118BE7987}"
EndProject
Project("{FAE04EC0-301F-11D3-BF4B-00C04F79EFBC}") = "Unity.RenderPipelines.Core.ShaderLibrary", "Unity.RenderPipelines.Core.ShaderLibrary.csproj", "{29189A48-E6AE-AD37-C2CC-F71FF7DE6580}"
EndProject
Project("{FAE04EC0-301F-11D3-BF4B-00C04F79EFBC}") = "UnityEditor.TestRunner", "UnityEditor.TestRunner.csproj", "{C24BB89E-6498-4F5A-7C08-523BDF20DE3B}"
EndProject
Project("{FAE04EC0-301F-11D3-BF4B-00C04F79EFBC}") = "Unity.ShaderGraph.Editor", "Unity.ShaderGraph.Editor.csproj", "{B2CF2F72-B75B-4407-F2B3-473826126850}"
EndProject
Project("{FAE04EC0-301F-11D3-BF4B-00C04F79EFBC}") = "Unity.TextMeshPro.Editor", "Unity.TextMeshPro.Editor.csproj", "{CBA419FD-4786-1744-6962-AFA68CBA8055}"
EndProject
Project("{FAE04EC0-301F-11D3-BF4B-00C04F79EFBC}") = "Unity.Timeline.Editor", "Unity.Timeline.Editor.csproj", "{B857B029-3A6B-AC13-AB03-0F909E860452}"
EndProject
Project("{FAE04EC0-301F-11D3-BF4B-00C04F79EFBC}") = "Unity.RenderPipelines.HighDefinition.Editor", "Unity.RenderPipelines.HighDefinition.Editor.csproj", "{6E9B1722-FD57-D202-A461-52C83DAB16EA}"
EndProject
Project("{FAE04EC0-301F-11D3-BF4B-00C04F79EFBC}") = "Unity.VisualEffectGraph.Editor", "Unity.VisualEffectGraph.Editor.csproj", "{0B0321DB-4247-7B78-4769-20D808E56900}"
EndProject
Project("{FAE04EC0-301F-11D3-BF4B-00C04F79EFBC}") = "Assembly-CSharp-Editor", "Assembly-CSharp-Editor.csproj", "{1FA2291A-EEB8-710B-D18A-3E294138B8A3}"
EndProject
Project("{FAE04EC0-301F-11D3-BF4B-00C04F79EFBC}") = "UnityEditor.UI", "UnityEditor.UI.csproj", "{A72BE41F-389D-D50E-61EB-17F57C012017}"
EndProject
Project("{FAE04EC0-301F-11D3-BF4B-00C04F79EFBC}") = "Unity.Rider.Editor", "Unity.Rider.Editor.csproj", "{3317D738-26A9-3EF4-B933-25CF28CFD835}"
EndProject
Project("{FAE04EC0-301F-11D3-BF4B-00C04F79EFBC}") = "Unity.RenderPipelines.Core.Editor", "Unity.RenderPipelines.Core.Editor.csproj", "{93405F71-1CB8-4A23-B7BC-18F5305D8E63}"
EndProject
Project("{FAE04EC0-301F-11D3-BF4B-00C04F79EFBC}") = "Unity.CollabProxy.Editor", "Unity.CollabProxy.Editor.csproj", "{1B4D3526-2A1F-6C61-7462-64B9AC950FAA}"
EndProject
Project("{FAE04EC0-301F-11D3-BF4B-00C04F79EFBC}") = "Unity.VSCode.Editor", "Unity.VSCode.Editor.csproj", "{1E56B4CE-F830-C519-46E5-6C64788C4B41}"
EndProject
Project("{FAE04EC0-301F-11D3-BF4B-00C04F79EFBC}") = "Unity.ShaderGraph.Utilities", "Unity.ShaderGraph.Utilities.csproj", "{764CE315-1D23-E46D-24BB-E29DCD3B071A}"
EndProject
Project("{FAE04EC0-301F-11D3-BF4B-00C04F79EFBC}") = "Assembly-CSharp.Player", "Assembly-CSharp.Player.csproj", "{6066E543-6188-A440-E372-875A7F02E00F}"
EndProject
Project("{FAE04EC0-301F-11D3-BF4B-00C04F79EFBC}") = "Assembly-CSharp-firstpass.Player", "Assembly-CSharp-firstpass.Player.csproj", "{364C0DD2-A082-40DD-CC05-0AB4FD19B1DE}"
EndProject
Global
	GlobalSection(SolutionConfigurationPlatforms) = preSolution
		Debug|Any CPU = Debug|Any CPU
		Release|Any CPU = Release|Any CPU
	EndGlobalSection
	GlobalSection(ProjectConfigurationPlatforms) = postSolution
		{9010658C-679A-1FB9-F837-25B56D160770}.Debug|Any CPU.ActiveCfg = Debug|Any CPU
		{9010658C-679A-1FB9-F837-25B56D160770}.Debug|Any CPU.Build.0 = Debug|Any CPU
		{9010658C-679A-1FB9-F837-25B56D160770}.Release|Any CPU.ActiveCfg = Release|Any CPU
		{9010658C-679A-1FB9-F837-25B56D160770}.Release|Any CPU.Build.0 = Release|Any CPU
		{B1887B2A-9E4A-40C7-ED1C-D7748538E8E9}.Debug|Any CPU.ActiveCfg = Debug|Any CPU
		{B1887B2A-9E4A-40C7-ED1C-D7748538E8E9}.Debug|Any CPU.Build.0 = Debug|Any CPU
		{B1887B2A-9E4A-40C7-ED1C-D7748538E8E9}.Release|Any CPU.ActiveCfg = Release|Any CPU
		{B1887B2A-9E4A-40C7-ED1C-D7748538E8E9}.Release|Any CPU.Build.0 = Release|Any CPU
		{A0E315DD-74D7-E4C1-BB37-11EF3C5D0BB7}.Debug|Any CPU.ActiveCfg = Debug|Any CPU
		{A0E315DD-74D7-E4C1-BB37-11EF3C5D0BB7}.Debug|Any CPU.Build.0 = Debug|Any CPU
		{A0E315DD-74D7-E4C1-BB37-11EF3C5D0BB7}.Release|Any CPU.ActiveCfg = Release|Any CPU
		{A0E315DD-74D7-E4C1-BB37-11EF3C5D0BB7}.Release|Any CPU.Build.0 = Release|Any CPU
		{9F68CF24-52EC-681D-E67C-04045CC581A4}.Debug|Any CPU.ActiveCfg = Debug|Any CPU
		{9F68CF24-52EC-681D-E67C-04045CC581A4}.Debug|Any CPU.Build.0 = Debug|Any CPU
		{9F68CF24-52EC-681D-E67C-04045CC581A4}.Release|Any CPU.ActiveCfg = Release|Any CPU
		{9F68CF24-52EC-681D-E67C-04045CC581A4}.Release|Any CPU.Build.0 = Release|Any CPU
		{C0A3EC03-5904-CC1B-0C20-F3734875ACD3}.Debug|Any CPU.ActiveCfg = Debug|Any CPU
		{C0A3EC03-5904-CC1B-0C20-F3734875ACD3}.Debug|Any CPU.Build.0 = Debug|Any CPU
		{C0A3EC03-5904-CC1B-0C20-F3734875ACD3}.Release|Any CPU.ActiveCfg = Release|Any CPU
		{C0A3EC03-5904-CC1B-0C20-F3734875ACD3}.Release|Any CPU.Build.0 = Release|Any CPU
		{472CE523-90A9-CCB9-EA89-04D4B313530B}.Debug|Any CPU.ActiveCfg = Debug|Any CPU
		{472CE523-90A9-CCB9-EA89-04D4B313530B}.Debug|Any CPU.Build.0 = Debug|Any CPU
		{472CE523-90A9-CCB9-EA89-04D4B313530B}.Release|Any CPU.ActiveCfg = Release|Any CPU
		{472CE523-90A9-CCB9-EA89-04D4B313530B}.Release|Any CPU.Build.0 = Release|Any CPU
		{A1A7C43E-21EA-8491-026E-BF86E7CF3689}.Debug|Any CPU.ActiveCfg = Debug|Any CPU
		{A1A7C43E-21EA-8491-026E-BF86E7CF3689}.Debug|Any CPU.Build.0 = Debug|Any CPU
		{A1A7C43E-21EA-8491-026E-BF86E7CF3689}.Release|Any CPU.ActiveCfg = Release|Any CPU
		{A1A7C43E-21EA-8491-026E-BF86E7CF3689}.Release|Any CPU.Build.0 = Release|Any CPU
		{32E46A80-95D9-591F-CAB8-559AFCA3F08D}.Debug|Any CPU.ActiveCfg = Debug|Any CPU
		{32E46A80-95D9-591F-CAB8-559AFCA3F08D}.Debug|Any CPU.Build.0 = Debug|Any CPU
		{32E46A80-95D9-591F-CAB8-559AFCA3F08D}.Release|Any CPU.ActiveCfg = Release|Any CPU
		{32E46A80-95D9-591F-CAB8-559AFCA3F08D}.Release|Any CPU.Build.0 = Release|Any CPU
		{52BC665F-09E8-5DAF-E70A-46E808A9186F}.Debug|Any CPU.ActiveCfg = Debug|Any CPU
		{52BC665F-09E8-5DAF-E70A-46E808A9186F}.Debug|Any CPU.Build.0 = Debug|Any CPU
		{52BC665F-09E8-5DAF-E70A-46E808A9186F}.Release|Any CPU.ActiveCfg = Release|Any CPU
		{52BC665F-09E8-5DAF-E70A-46E808A9186F}.Release|Any CPU.Build.0 = Release|Any CPU
		{D4974CE9-4B68-7E7A-B0D7-40F9BC9A575B}.Debug|Any CPU.ActiveCfg = Debug|Any CPU
		{D4974CE9-4B68-7E7A-B0D7-40F9BC9A575B}.Debug|Any CPU.Build.0 = Debug|Any CPU
		{D4974CE9-4B68-7E7A-B0D7-40F9BC9A575B}.Release|Any CPU.ActiveCfg = Release|Any CPU
		{D4974CE9-4B68-7E7A-B0D7-40F9BC9A575B}.Release|Any CPU.Build.0 = Release|Any CPU
		{B57702D1-6EAE-1679-590E-9D9118BE7987}.Debug|Any CPU.ActiveCfg = Debug|Any CPU
		{B57702D1-6EAE-1679-590E-9D9118BE7987}.Debug|Any CPU.Build.0 = Debug|Any CPU
		{B57702D1-6EAE-1679-590E-9D9118BE7987}.Release|Any CPU.ActiveCfg = Release|Any CPU
		{B57702D1-6EAE-1679-590E-9D9118BE7987}.Release|Any CPU.Build.0 = Release|Any CPU
		{29189A48-E6AE-AD37-C2CC-F71FF7DE6580}.Debug|Any CPU.ActiveCfg = Debug|Any CPU
		{29189A48-E6AE-AD37-C2CC-F71FF7DE6580}.Debug|Any CPU.Build.0 = Debug|Any CPU
		{29189A48-E6AE-AD37-C2CC-F71FF7DE6580}.Release|Any CPU.ActiveCfg = Release|Any CPU
		{29189A48-E6AE-AD37-C2CC-F71FF7DE6580}.Release|Any CPU.Build.0 = Release|Any CPU
		{C24BB89E-6498-4F5A-7C08-523BDF20DE3B}.Debug|Any CPU.ActiveCfg = Debug|Any CPU
		{C24BB89E-6498-4F5A-7C08-523BDF20DE3B}.Debug|Any CPU.Build.0 = Debug|Any CPU
		{C24BB89E-6498-4F5A-7C08-523BDF20DE3B}.Release|Any CPU.ActiveCfg = Release|Any CPU
		{C24BB89E-6498-4F5A-7C08-523BDF20DE3B}.Release|Any CPU.Build.0 = Release|Any CPU
		{B2CF2F72-B75B-4407-F2B3-473826126850}.Debug|Any CPU.ActiveCfg = Debug|Any CPU
		{B2CF2F72-B75B-4407-F2B3-473826126850}.Debug|Any CPU.Build.0 = Debug|Any CPU
		{B2CF2F72-B75B-4407-F2B3-473826126850}.Release|Any CPU.ActiveCfg = Release|Any CPU
		{B2CF2F72-B75B-4407-F2B3-473826126850}.Release|Any CPU.Build.0 = Release|Any CPU
		{CBA419FD-4786-1744-6962-AFA68CBA8055}.Debug|Any CPU.ActiveCfg = Debug|Any CPU
		{CBA419FD-4786-1744-6962-AFA68CBA8055}.Debug|Any CPU.Build.0 = Debug|Any CPU
		{CBA419FD-4786-1744-6962-AFA68CBA8055}.Release|Any CPU.ActiveCfg = Release|Any CPU
		{CBA419FD-4786-1744-6962-AFA68CBA8055}.Release|Any CPU.Build.0 = Release|Any CPU
		{B857B029-3A6B-AC13-AB03-0F909E860452}.Debug|Any CPU.ActiveCfg = Debug|Any CPU
		{B857B029-3A6B-AC13-AB03-0F909E860452}.Debug|Any CPU.Build.0 = Debug|Any CPU
		{B857B029-3A6B-AC13-AB03-0F909E860452}.Release|Any CPU.ActiveCfg = Release|Any CPU
		{B857B029-3A6B-AC13-AB03-0F909E860452}.Release|Any CPU.Build.0 = Release|Any CPU
		{6E9B1722-FD57-D202-A461-52C83DAB16EA}.Debug|Any CPU.ActiveCfg = Debug|Any CPU
		{6E9B1722-FD57-D202-A461-52C83DAB16EA}.Debug|Any CPU.Build.0 = Debug|Any CPU
		{6E9B1722-FD57-D202-A461-52C83DAB16EA}.Release|Any CPU.ActiveCfg = Release|Any CPU
		{6E9B1722-FD57-D202-A461-52C83DAB16EA}.Release|Any CPU.Build.0 = Release|Any CPU
		{0B0321DB-4247-7B78-4769-20D808E56900}.Debug|Any CPU.ActiveCfg = Debug|Any CPU
		{0B0321DB-4247-7B78-4769-20D808E56900}.Debug|Any CPU.Build.0 = Debug|Any CPU
		{0B0321DB-4247-7B78-4769-20D808E56900}.Release|Any CPU.ActiveCfg = Release|Any CPU
		{0B0321DB-4247-7B78-4769-20D808E56900}.Release|Any CPU.Build.0 = Release|Any CPU
		{1FA2291A-EEB8-710B-D18A-3E294138B8A3}.Debug|Any CPU.ActiveCfg = Debug|Any CPU
		{1FA2291A-EEB8-710B-D18A-3E294138B8A3}.Debug|Any CPU.Build.0 = Debug|Any CPU
		{1FA2291A-EEB8-710B-D18A-3E294138B8A3}.Release|Any CPU.ActiveCfg = Release|Any CPU
		{1FA2291A-EEB8-710B-D18A-3E294138B8A3}.Release|Any CPU.Build.0 = Release|Any CPU
		{A72BE41F-389D-D50E-61EB-17F57C012017}.Debug|Any CPU.ActiveCfg = Debug|Any CPU
		{A72BE41F-389D-D50E-61EB-17F57C012017}.Debug|Any CPU.Build.0 = Debug|Any CPU
		{A72BE41F-389D-D50E-61EB-17F57C012017}.Release|Any CPU.ActiveCfg = Release|Any CPU
		{A72BE41F-389D-D50E-61EB-17F57C012017}.Release|Any CPU.Build.0 = Release|Any CPU
		{3317D738-26A9-3EF4-B933-25CF28CFD835}.Debug|Any CPU.ActiveCfg = Debug|Any CPU
		{3317D738-26A9-3EF4-B933-25CF28CFD835}.Debug|Any CPU.Build.0 = Debug|Any CPU
		{3317D738-26A9-3EF4-B933-25CF28CFD835}.Release|Any CPU.ActiveCfg = Release|Any CPU
		{3317D738-26A9-3EF4-B933-25CF28CFD835}.Release|Any CPU.Build.0 = Release|Any CPU
		{93405F71-1CB8-4A23-B7BC-18F5305D8E63}.Debug|Any CPU.ActiveCfg = Debug|Any CPU
		{93405F71-1CB8-4A23-B7BC-18F5305D8E63}.Debug|Any CPU.Build.0 = Debug|Any CPU
		{93405F71-1CB8-4A23-B7BC-18F5305D8E63}.Release|Any CPU.ActiveCfg = Release|Any CPU
		{93405F71-1CB8-4A23-B7BC-18F5305D8E63}.Release|Any CPU.Build.0 = Release|Any CPU
		{1B4D3526-2A1F-6C61-7462-64B9AC950FAA}.Debug|Any CPU.ActiveCfg = Debug|Any CPU
		{1B4D3526-2A1F-6C61-7462-64B9AC950FAA}.Debug|Any CPU.Build.0 = Debug|Any CPU
		{1B4D3526-2A1F-6C61-7462-64B9AC950FAA}.Release|Any CPU.ActiveCfg = Release|Any CPU
		{1B4D3526-2A1F-6C61-7462-64B9AC950FAA}.Release|Any CPU.Build.0 = Release|Any CPU
		{1E56B4CE-F830-C519-46E5-6C64788C4B41}.Debug|Any CPU.ActiveCfg = Debug|Any CPU
		{1E56B4CE-F830-C519-46E5-6C64788C4B41}.Debug|Any CPU.Build.0 = Debug|Any CPU
		{1E56B4CE-F830-C519-46E5-6C64788C4B41}.Release|Any CPU.ActiveCfg = Release|Any CPU
		{1E56B4CE-F830-C519-46E5-6C64788C4B41}.Release|Any CPU.Build.0 = Release|Any CPU
		{764CE315-1D23-E46D-24BB-E29DCD3B071A}.Debug|Any CPU.ActiveCfg = Debug|Any CPU
		{764CE315-1D23-E46D-24BB-E29DCD3B071A}.Debug|Any CPU.Build.0 = Debug|Any CPU
		{764CE315-1D23-E46D-24BB-E29DCD3B071A}.Release|Any CPU.ActiveCfg = Release|Any CPU
		{764CE315-1D23-E46D-24BB-E29DCD3B071A}.Release|Any CPU.Build.0 = Release|Any CPU
		{6066E543-6188-A440-E372-875A7F02E00F}.Debug|Any CPU.ActiveCfg = Debug|Any CPU
		{6066E543-6188-A440-E372-875A7F02E00F}.Debug|Any CPU.Build.0 = Debug|Any CPU
		{6066E543-6188-A440-E372-875A7F02E00F}.Release|Any CPU.ActiveCfg = Release|Any CPU
		{6066E543-6188-A440-E372-875A7F02E00F}.Release|Any CPU.Build.0 = Release|Any CPU
		{364C0DD2-A082-40DD-CC05-0AB4FD19B1DE}.Debug|Any CPU.ActiveCfg = Debug|Any CPU
		{364C0DD2-A082-40DD-CC05-0AB4FD19B1DE}.Debug|Any CPU.Build.0 = Debug|Any CPU
		{364C0DD2-A082-40DD-CC05-0AB4FD19B1DE}.Release|Any CPU.ActiveCfg = Release|Any CPU
		{364C0DD2-A082-40DD-CC05-0AB4FD19B1DE}.Release|Any CPU.Build.0 = Release|Any CPU
	EndGlobalSection
	GlobalSection(SolutionProperties) = preSolution
		HideSolutionNode = FALSE
	EndGlobalSection
EndGlobal
